# THIS IS AN AUTOGENERATED FILE. DO NOT EDIT THIS FILE DIRECTLY.
# yarn lockfile v1


nodemailer-plugin-inline-base64@^2.1.1:
  version "2.1.1"
  resolved "https://registry.yarnpkg.com/nodemailer-plugin-inline-base64/-/nodemailer-plugin-inline-base64-2.1.1.tgz#249cbc87ccf5ed26efb9a4023e4b6dc881e8d9b2"
  integrity sha512-/cTnVq9vxZBDh5FjCOkPG5ioTs4o7flRuaqfDGLUfa5yeSMR21OW8hgWJIGuCHgcXmN5QHbR8IeujJeeOzi7uQ==

nodemailer@^6.7.5:
  version "6.7.5"
  resolved "https://registry.yarnpkg.com/nodemailer/-/nodemailer-6.7.5.tgz#b30b1566f5fa2249f7bd49ced4c58bec6b25915e"
  integrity sha512-6VtMpwhsrixq1HDYSBBHvW0GwiWawE75dS3oal48VqRhUvKJNnKnJo2RI/bCVQubj1vgrgscMNW4DHaD6xtMCg==
